// !$*UTF8*$!
{
	archiveVersion = 1;
	classes = {
	};
	objectVersion = 55;
	objects = {

/* Begin PBXBuildFile section */
		B92CB77228FF0EB4008FCF4A /* OnboardingModel.swift in Sources */ = {isa = PBXBuildFile; fileRef = B92CB77128FF0EB4008FCF4A /* OnboardingModel.swift */; };
		B92CB77728FF0FC3008FCF4A /* OnboardingViewModel.swift in Sources */ = {isa = PBXBuildFile; fileRef = B92CB77628FF0FC3008FCF4A /* OnboardingViewModel.swift */; };
		B92CB77A28FF11C9008FCF4A /* OnboardingContentView.swift in Sources */ = {isa = PBXBuildFile; fileRef = B92CB77928FF11C9008FCF4A /* OnboardingContentView.swift */; };
		B92CB77F28FF5012008FCF4A /* CircularProgressView.swift in Sources */ = {isa = PBXBuildFile; fileRef = B92CB77E28FF5012008FCF4A /* CircularProgressView.swift */; };
		B9473B6C29132DF100FD38C7 /* HomeViewModel.swift in Sources */ = {isa = PBXBuildFile; fileRef = B9473B6B29132DF100FD38C7 /* HomeViewModel.swift */; };
		B9473B6F29132E2400FD38C7 /* HomeAssembly.swift in Sources */ = {isa = PBXBuildFile; fileRef = B9473B6E29132E2400FD38C7 /* HomeAssembly.swift */; };
		B9473B72291331CE00FD38C7 /* SizeConfigurations.swift in Sources */ = {isa = PBXBuildFile; fileRef = B9473B71291331CE00FD38C7 /* SizeConfigurations.swift */; };
		B9473B752913405A00FD38C7 /* UserDefaults.swift in Sources */ = {isa = PBXBuildFile; fileRef = B9473B742913405A00FD38C7 /* UserDefaults.swift */; };
		B9473B77291346AE00FD38C7 /* LaunchStateView.swift in Sources */ = {isa = PBXBuildFile; fileRef = B9473B76291346AE00FD38C7 /* LaunchStateView.swift */; };
		B94F6C5E28FC71DC004D06E0 /* JaqsyApp.swift in Sources */ = {isa = PBXBuildFile; fileRef = B94F6C5D28FC71DC004D06E0 /* JaqsyApp.swift */; };
		B94F6C6028FC71DC004D06E0 /* OnboardingView.swift in Sources */ = {isa = PBXBuildFile; fileRef = B94F6C5F28FC71DC004D06E0 /* OnboardingView.swift */; };
		B94F6C6228FC71DD004D06E0 /* Assets.xcassets in Resources */ = {isa = PBXBuildFile; fileRef = B94F6C6128FC71DD004D06E0 /* Assets.xcassets */; };
		B94F6C6528FC71DD004D06E0 /* Preview Assets.xcassets in Resources */ = {isa = PBXBuildFile; fileRef = B94F6C6428FC71DD004D06E0 /* Preview Assets.xcassets */; };
		B9723D2A29106906008C3A7E /* NavigationBackport in Frameworks */ = {isa = PBXBuildFile; productRef = B9723D2929106906008C3A7E /* NavigationBackport */; };
		B9723D2D29106925008C3A7E /* Router.swift in Sources */ = {isa = PBXBuildFile; fileRef = B9723D2C29106925008C3A7E /* Router.swift */; };
		B9723D2F29106958008C3A7E /* RouteEnum.swift in Sources */ = {isa = PBXBuildFile; fileRef = B9723D2E29106958008C3A7E /* RouteEnum.swift */; };
		B9723D3229106C96008C3A7E /* OnboardingAssembly.swift in Sources */ = {isa = PBXBuildFile; fileRef = B9723D3129106C96008C3A7E /* OnboardingAssembly.swift */; };
		B9912C572908855E005DCB2A /* HomeView.swift in Sources */ = {isa = PBXBuildFile; fileRef = B9912C562908855E005DCB2A /* HomeView.swift */; };
/* End PBXBuildFile section */

/* Begin PBXFileReference section */
		B92CB77128FF0EB4008FCF4A /* OnboardingModel.swift */ = {isa = PBXFileReference; lastKnownFileType = sourcecode.swift; path = OnboardingModel.swift; sourceTree = "<group>"; };
		B92CB77628FF0FC3008FCF4A /* OnboardingViewModel.swift */ = {isa = PBXFileReference; lastKnownFileType = sourcecode.swift; path = OnboardingViewModel.swift; sourceTree = "<group>"; };
		B92CB77928FF11C9008FCF4A /* OnboardingContentView.swift */ = {isa = PBXFileReference; lastKnownFileType = sourcecode.swift; path = OnboardingContentView.swift; sourceTree = "<group>"; };
		B92CB77E28FF5012008FCF4A /* CircularProgressView.swift */ = {isa = PBXFileReference; lastKnownFileType = sourcecode.swift; path = CircularProgressView.swift; sourceTree = "<group>"; };
		B92CB78028FF5FF0008FCF4A /* Info.plist */ = {isa = PBXFileReference; lastKnownFileType = text.plist.xml; path = Info.plist; sourceTree = "<group>"; };
		B9473B6B29132DF100FD38C7 /* HomeViewModel.swift */ = {isa = PBXFileReference; lastKnownFileType = sourcecode.swift; path = HomeViewModel.swift; sourceTree = "<group>"; };
		B9473B6E29132E2400FD38C7 /* HomeAssembly.swift */ = {isa = PBXFileReference; lastKnownFileType = sourcecode.swift; path = HomeAssembly.swift; sourceTree = "<group>"; };
		B9473B71291331CE00FD38C7 /* SizeConfigurations.swift */ = {isa = PBXFileReference; lastKnownFileType = sourcecode.swift; path = SizeConfigurations.swift; sourceTree = "<group>"; };
		B9473B742913405A00FD38C7 /* UserDefaults.swift */ = {isa = PBXFileReference; lastKnownFileType = sourcecode.swift; path = UserDefaults.swift; sourceTree = "<group>"; };
		B9473B76291346AE00FD38C7 /* LaunchStateView.swift */ = {isa = PBXFileReference; lastKnownFileType = sourcecode.swift; path = LaunchStateView.swift; sourceTree = "<group>"; };
		B94F6C5A28FC71DC004D06E0 /* Jaqsy.app */ = {isa = PBXFileReference; explicitFileType = wrapper.application; includeInIndex = 0; path = Jaqsy.app; sourceTree = BUILT_PRODUCTS_DIR; };
		B94F6C5D28FC71DC004D06E0 /* JaqsyApp.swift */ = {isa = PBXFileReference; lastKnownFileType = sourcecode.swift; path = JaqsyApp.swift; sourceTree = "<group>"; };
		B94F6C5F28FC71DC004D06E0 /* OnboardingView.swift */ = {isa = PBXFileReference; lastKnownFileType = sourcecode.swift; path = OnboardingView.swift; sourceTree = "<group>"; };
		B94F6C6128FC71DD004D06E0 /* Assets.xcassets */ = {isa = PBXFileReference; lastKnownFileType = folder.assetcatalog; path = Assets.xcassets; sourceTree = "<group>"; };
		B94F6C6428FC71DD004D06E0 /* Preview Assets.xcassets */ = {isa = PBXFileReference; lastKnownFileType = folder.assetcatalog; path = "Preview Assets.xcassets"; sourceTree = "<group>"; };
		B9723D2C29106925008C3A7E /* Router.swift */ = {isa = PBXFileReference; lastKnownFileType = sourcecode.swift; path = Router.swift; sourceTree = "<group>"; };
		B9723D2E29106958008C3A7E /* RouteEnum.swift */ = {isa = PBXFileReference; lastKnownFileType = sourcecode.swift; path = RouteEnum.swift; sourceTree = "<group>"; };
		B9723D3129106C96008C3A7E /* OnboardingAssembly.swift */ = {isa = PBXFileReference; lastKnownFileType = sourcecode.swift; path = OnboardingAssembly.swift; sourceTree = "<group>"; };
		B9912C562908855E005DCB2A /* HomeView.swift */ = {isa = PBXFileReference; lastKnownFileType = sourcecode.swift; path = HomeView.swift; sourceTree = "<group>"; };
/* End PBXFileReference section */

/* Begin PBXFrameworksBuildPhase section */
		B94F6C5728FC71DC004D06E0 /* Frameworks */ = {
			isa = PBXFrameworksBuildPhase;
			buildActionMask = 2147483647;
			files = (
				B9723D2A29106906008C3A7E /* NavigationBackport in Frameworks */,
			);
			runOnlyForDeploymentPostprocessing = 0;
		};
/* End PBXFrameworksBuildPhase section */

/* Begin PBXGroup section */
		B92CB76D28FF0E5D008FCF4A /* Screens */ = {
			isa = PBXGroup;
			children = (
				B92CB76E28FF0E7A008FCF4A /* Onboarding */,
				B9912C53290884B0005DCB2A /* Home */,
			);
			path = Screens;
			sourceTree = "<group>";
		};
		B92CB76E28FF0E7A008FCF4A /* Onboarding */ = {
			isa = PBXGroup;
			children = (
				B9723D3029106C88008C3A7E /* Assembly */,
				B92CB76F28FF0E82008FCF4A /* Model */,
				B92CB77528FF0FAE008FCF4A /* ViewModel */,
				B92CB77028FF0E8A008FCF4A /* View */,
			);
			path = Onboarding;
			sourceTree = "<group>";
		};
		B92CB76F28FF0E82008FCF4A /* Model */ = {
			isa = PBXGroup;
			children = (
				B92CB77128FF0EB4008FCF4A /* OnboardingModel.swift */,
			);
			path = Model;
			sourceTree = "<group>";
		};
		B92CB77028FF0E8A008FCF4A /* View */ = {
			isa = PBXGroup;
			children = (
				B94F6C5F28FC71DC004D06E0 /* OnboardingView.swift */,
				B92CB77928FF11C9008FCF4A /* OnboardingContentView.swift */,
				B92CB77E28FF5012008FCF4A /* CircularProgressView.swift */,
			);
			path = View;
			sourceTree = "<group>";
		};
		B92CB77528FF0FAE008FCF4A /* ViewModel */ = {
			isa = PBXGroup;
			children = (
				B92CB77628FF0FC3008FCF4A /* OnboardingViewModel.swift */,
			);
			path = ViewModel;
			sourceTree = "<group>";
		};
		B92CB77828FF111F008FCF4A /* Application */ = {
			isa = PBXGroup;
			children = (
				B9723D2B29106916008C3A7E /* Router */,
				B94F6C5D28FC71DC004D06E0 /* JaqsyApp.swift */,
				B9473B76291346AE00FD38C7 /* LaunchStateView.swift */,
			);
			path = Application;
			sourceTree = "<group>";
		};
		B92CB77D28FF4CE2008FCF4A /* Resources + Helps */ = {
			isa = PBXGroup;
			children = (
				B9473B732913404F00FD38C7 /* Foundation */,
				B9473B70291331B700FD38C7 /* SizeConfigurations */,
				B92CB78028FF5FF0008FCF4A /* Info.plist */,
				B94F6C6128FC71DD004D06E0 /* Assets.xcassets */,
			);
			path = "Resources + Helps";
			sourceTree = "<group>";
		};
		B9473B6D29132E1700FD38C7 /* Assembly */ = {
			isa = PBXGroup;
			children = (
				B9473B6E29132E2400FD38C7 /* HomeAssembly.swift */,
			);
			path = Assembly;
			sourceTree = "<group>";
		};
		B9473B70291331B700FD38C7 /* SizeConfigurations */ = {
			isa = PBXGroup;
			children = (
				B9473B71291331CE00FD38C7 /* SizeConfigurations.swift */,
			);
			path = SizeConfigurations;
			sourceTree = "<group>";
		};
		B9473B732913404F00FD38C7 /* Foundation */ = {
			isa = PBXGroup;
			children = (
				B9473B742913405A00FD38C7 /* UserDefaults.swift */,
			);
			path = Foundation;
			sourceTree = "<group>";
		};
		B94F6C5128FC71DC004D06E0 = {
			isa = PBXGroup;
			children = (
				B94F6C5C28FC71DC004D06E0 /* Jaqsy */,
				B94F6C5B28FC71DC004D06E0 /* Products */,
			);
			sourceTree = "<group>";
		};
		B94F6C5B28FC71DC004D06E0 /* Products */ = {
			isa = PBXGroup;
			children = (
				B94F6C5A28FC71DC004D06E0 /* Jaqsy.app */,
			);
			name = Products;
			sourceTree = "<group>";
		};
		B94F6C5C28FC71DC004D06E0 /* Jaqsy */ = {
			isa = PBXGroup;
			children = (
				B92CB77828FF111F008FCF4A /* Application */,
				B92CB76D28FF0E5D008FCF4A /* Screens */,
				B92CB77D28FF4CE2008FCF4A /* Resources + Helps */,
				B94F6C6328FC71DD004D06E0 /* Preview Content */,
			);
			path = Jaqsy;
			sourceTree = "<group>";
		};
		B94F6C6328FC71DD004D06E0 /* Preview Content */ = {
			isa = PBXGroup;
			children = (
				B94F6C6428FC71DD004D06E0 /* Preview Assets.xcassets */,
			);
			path = "Preview Content";
			sourceTree = "<group>";
		};
		B9723D2B29106916008C3A7E /* Router */ = {
			isa = PBXGroup;
			children = (
				B9723D2C29106925008C3A7E /* Router.swift */,
				B9723D2E29106958008C3A7E /* RouteEnum.swift */,
			);
			path = Router;
			sourceTree = "<group>";
		};
		B9723D3029106C88008C3A7E /* Assembly */ = {
			isa = PBXGroup;
			children = (
				B9723D3129106C96008C3A7E /* OnboardingAssembly.swift */,
			);
			path = Assembly;
			sourceTree = "<group>";
		};
		B9912C53290884B0005DCB2A /* Home */ = {
			isa = PBXGroup;
			children = (
				B9473B6D29132E1700FD38C7 /* Assembly */,
				B9912C54290884D0005DCB2A /* ViewModel */,
				B9912C55290884D5005DCB2A /* View */,
			);
			path = Home;
			sourceTree = "<group>";
		};
		B9912C54290884D0005DCB2A /* ViewModel */ = {
			isa = PBXGroup;
			children = (
				B9473B6B29132DF100FD38C7 /* HomeViewModel.swift */,
			);
			path = ViewModel;
			sourceTree = "<group>";
		};
		B9912C55290884D5005DCB2A /* View */ = {
			isa = PBXGroup;
			children = (
				B9912C562908855E005DCB2A /* HomeView.swift */,
			);
			path = View;
			sourceTree = "<group>";
		};
/* End PBXGroup section */

/* Begin PBXNativeTarget section */
		B94F6C5928FC71DC004D06E0 /* Jaqsy */ = {
			isa = PBXNativeTarget;
			buildConfigurationList = B94F6C6828FC71DD004D06E0 /* Build configuration list for PBXNativeTarget "Jaqsy" */;
			buildPhases = (
				B94F6C5628FC71DC004D06E0 /* Sources */,
				B94F6C5728FC71DC004D06E0 /* Frameworks */,
				B94F6C5828FC71DC004D06E0 /* Resources */,
			);
			buildRules = (
			);
			dependencies = (
			);
			name = Jaqsy;
			packageProductDependencies = (
				B9723D2929106906008C3A7E /* NavigationBackport */,
			);
			productName = Jaqsy;
			productReference = B94F6C5A28FC71DC004D06E0 /* Jaqsy.app */;
			productType = "com.apple.product-type.application";
		};
/* End PBXNativeTarget section */

/* Begin PBXProject section */
		B94F6C5228FC71DC004D06E0 /* Project object */ = {
			isa = PBXProject;
			attributes = {
				BuildIndependentTargetsInParallel = 1;
				LastSwiftUpdateCheck = 1340;
				LastUpgradeCheck = 1340;
				TargetAttributes = {
					B94F6C5928FC71DC004D06E0 = {
						CreatedOnToolsVersion = 13.4.1;
					};
				};
			};
			buildConfigurationList = B94F6C5528FC71DC004D06E0 /* Build configuration list for PBXProject "Jaqsy" */;
			compatibilityVersion = "Xcode 13.0";
			developmentRegion = en;
			hasScannedForEncodings = 0;
			knownRegions = (
				en,
				Base,
			);
			mainGroup = B94F6C5128FC71DC004D06E0;
			packageReferences = (
				B9723D2829106906008C3A7E /* XCRemoteSwiftPackageReference "NavigationBackport" */,
			);
			productRefGroup = B94F6C5B28FC71DC004D06E0 /* Products */;
			projectDirPath = "";
			projectRoot = "";
			targets = (
				B94F6C5928FC71DC004D06E0 /* Jaqsy */,
			);
		};
/* End PBXProject section */

/* Begin PBXResourcesBuildPhase section */
		B94F6C5828FC71DC004D06E0 /* Resources */ = {
			isa = PBXResourcesBuildPhase;
			buildActionMask = 2147483647;
			files = (
				B94F6C6528FC71DD004D06E0 /* Preview Assets.xcassets in Resources */,
				B94F6C6228FC71DD004D06E0 /* Assets.xcassets in Resources */,
			);
			runOnlyForDeploymentPostprocessing = 0;
		};
/* End PBXResourcesBuildPhase section */

/* Begin PBXSourcesBuildPhase section */
		B94F6C5628FC71DC004D06E0 /* Sources */ = {
			isa = PBXSourcesBuildPhase;
			buildActionMask = 2147483647;
			files = (
				B94F6C6028FC71DC004D06E0 /* OnboardingView.swift in Sources */,
				B9473B6C29132DF100FD38C7 /* HomeViewModel.swift in Sources */,
				B94F6C5E28FC71DC004D06E0 /* JaqsyApp.swift in Sources */,
				B92CB77228FF0EB4008FCF4A /* OnboardingModel.swift in Sources */,
				B9723D2F29106958008C3A7E /* RouteEnum.swift in Sources */,
				B92CB77728FF0FC3008FCF4A /* OnboardingViewModel.swift in Sources */,
				B9473B6F29132E2400FD38C7 /* HomeAssembly.swift in Sources */,
				B9723D2D29106925008C3A7E /* Router.swift in Sources */,
				B92CB77F28FF5012008FCF4A /* CircularProgressView.swift in Sources */,
				B9912C572908855E005DCB2A /* HomeView.swift in Sources */,
				B92CB77A28FF11C9008FCF4A /* OnboardingContentView.swift in Sources */,
				B9473B72291331CE00FD38C7 /* SizeConfigurations.swift in Sources */,
				B9473B752913405A00FD38C7 /* UserDefaults.swift in Sources */,
				B9723D3229106C96008C3A7E /* OnboardingAssembly.swift in Sources */,
				B9473B77291346AE00FD38C7 /* LaunchStateView.swift in Sources */,
			);
			runOnlyForDeploymentPostprocessing = 0;
		};
/* End PBXSourcesBuildPhase section */

/* Begin XCBuildConfiguration section */
		B94F6C6628FC71DD004D06E0 /* Debug */ = {
			isa = XCBuildConfiguration;
			buildSettings = {
				ALWAYS_SEARCH_USER_PATHS = NO;
				CLANG_ANALYZER_NONNULL = YES;
				CLANG_ANALYZER_NUMBER_OBJECT_CONVERSION = YES_AGGRESSIVE;
				CLANG_CXX_LANGUAGE_STANDARD = "gnu++17";
				CLANG_ENABLE_MODULES = YES;
				CLANG_ENABLE_OBJC_ARC = YES;
				CLANG_ENABLE_OBJC_WEAK = YES;
				CLANG_WARN_BLOCK_CAPTURE_AUTORELEASING = YES;
				CLANG_WARN_BOOL_CONVERSION = YES;
				CLANG_WARN_COMMA = YES;
				CLANG_WARN_CONSTANT_CONVERSION = YES;
				CLANG_WARN_DEPRECATED_OBJC_IMPLEMENTATIONS = YES;
				CLANG_WARN_DIRECT_OBJC_ISA_USAGE = YES_ERROR;
				CLANG_WARN_DOCUMENTATION_COMMENTS = YES;
				CLANG_WARN_EMPTY_BODY = YES;
				CLANG_WARN_ENUM_CONVERSION = YES;
				CLANG_WARN_INFINITE_RECURSION = YES;
				CLANG_WARN_INT_CONVERSION = YES;
				CLANG_WARN_NON_LITERAL_NULL_CONVERSION = YES;
				CLANG_WARN_OBJC_IMPLICIT_RETAIN_SELF = YES;
				CLANG_WARN_OBJC_LITERAL_CONVERSION = YES;
				CLANG_WARN_OBJC_ROOT_CLASS = YES_ERROR;
				CLANG_WARN_QUOTED_INCLUDE_IN_FRAMEWORK_HEADER = YES;
				CLANG_WARN_RANGE_LOOP_ANALYSIS = YES;
				CLANG_WARN_STRICT_PROTOTYPES = YES;
				CLANG_WARN_SUSPICIOUS_MOVE = YES;
				CLANG_WARN_UNGUARDED_AVAILABILITY = YES_AGGRESSIVE;
				CLANG_WARN_UNREACHABLE_CODE = YES;
				CLANG_WARN__DUPLICATE_METHOD_MATCH = YES;
				COPY_PHASE_STRIP = NO;
				DEBUG_INFORMATION_FORMAT = dwarf;
				ENABLE_STRICT_OBJC_MSGSEND = YES;
				ENABLE_TESTABILITY = YES;
				GCC_C_LANGUAGE_STANDARD = gnu11;
				GCC_DYNAMIC_NO_PIC = NO;
				GCC_NO_COMMON_BLOCKS = YES;
				GCC_OPTIMIZATION_LEVEL = 0;
				GCC_PREPROCESSOR_DEFINITIONS = (
					"DEBUG=1",
					"$(inherited)",
				);
				GCC_WARN_64_TO_32_BIT_CONVERSION = YES;
				GCC_WARN_ABOUT_RETURN_TYPE = YES_ERROR;
				GCC_WARN_UNDECLARED_SELECTOR = YES;
				GCC_WARN_UNINITIALIZED_AUTOS = YES_AGGRESSIVE;
				GCC_WARN_UNUSED_FUNCTION = YES;
				GCC_WARN_UNUSED_VARIABLE = YES;
				IPHONEOS_DEPLOYMENT_TARGET = 15.0;
				MTL_ENABLE_DEBUG_INFO = INCLUDE_SOURCE;
				MTL_FAST_MATH = YES;
				ONLY_ACTIVE_ARCH = YES;
				SDKROOT = iphoneos;
				SWIFT_ACTIVE_COMPILATION_CONDITIONS = DEBUG;
				SWIFT_OPTIMIZATION_LEVEL = "-Onone";
			};
			name = Debug;
		};
		B94F6C6728FC71DD004D06E0 /* Release */ = {
			isa = XCBuildConfiguration;
			buildSettings = {
				ALWAYS_SEARCH_USER_PATHS = NO;
				CLANG_ANALYZER_NONNULL = YES;
				CLANG_ANALYZER_NUMBER_OBJECT_CONVERSION = YES_AGGRESSIVE;
				CLANG_CXX_LANGUAGE_STANDARD = "gnu++17";
				CLANG_ENABLE_MODULES = YES;
				CLANG_ENABLE_OBJC_ARC = YES;
				CLANG_ENABLE_OBJC_WEAK = YES;
				CLANG_WARN_BLOCK_CAPTURE_AUTORELEASING = YES;
				CLANG_WARN_BOOL_CONVERSION = YES;
				CLANG_WARN_COMMA = YES;
				CLANG_WARN_CONSTANT_CONVERSION = YES;
				CLANG_WARN_DEPRECATED_OBJC_IMPLEMENTATIONS = YES;
				CLANG_WARN_DIRECT_OBJC_ISA_USAGE = YES_ERROR;
				CLANG_WARN_DOCUMENTATION_COMMENTS = YES;
				CLANG_WARN_EMPTY_BODY = YES;
				CLANG_WARN_ENUM_CONVERSION = YES;
				CLANG_WARN_INFINITE_RECURSION = YES;
				CLANG_WARN_INT_CONVERSION = YES;
				CLANG_WARN_NON_LITERAL_NULL_CONVERSION = YES;
				CLANG_WARN_OBJC_IMPLICIT_RETAIN_SELF = YES;
				CLANG_WARN_OBJC_LITERAL_CONVERSION = YES;
				CLANG_WARN_OBJC_ROOT_CLASS = YES_ERROR;
				CLANG_WARN_QUOTED_INCLUDE_IN_FRAMEWORK_HEADER = YES;
				CLANG_WARN_RANGE_LOOP_ANALYSIS = YES;
				CLANG_WARN_STRICT_PROTOTYPES = YES;
				CLANG_WARN_SUSPICIOUS_MOVE = YES;
				CLANG_WARN_UNGUARDED_AVAILABILITY = YES_AGGRESSIVE;
				CLANG_WARN_UNREACHABLE_CODE = YES;
				CLANG_WARN__DUPLICATE_METHOD_MATCH = YES;
				COPY_PHASE_STRIP = NO;
				DEBUG_INFORMATION_FORMAT = "dwarf-with-dsym";
				ENABLE_NS_ASSERTIONS = NO;
				ENABLE_STRICT_OBJC_MSGSEND = YES;
				GCC_C_LANGUAGE_STANDARD = gnu11;
				GCC_NO_COMMON_BLOCKS = YES;
				GCC_WARN_64_TO_32_BIT_CONVERSION = YES;
				GCC_WARN_ABOUT_RETURN_TYPE = YES_ERROR;
				GCC_WARN_UNDECLARED_SELECTOR = YES;
				GCC_WARN_UNINITIALIZED_AUTOS = YES_AGGRESSIVE;
				GCC_WARN_UNUSED_FUNCTION = YES;
				GCC_WARN_UNUSED_VARIABLE = YES;
				IPHONEOS_DEPLOYMENT_TARGET = 15.0;
				MTL_ENABLE_DEBUG_INFO = NO;
				MTL_FAST_MATH = YES;
				SDKROOT = iphoneos;
				SWIFT_COMPILATION_MODE = wholemodule;
				SWIFT_OPTIMIZATION_LEVEL = "-O";
				VALIDATE_PRODUCT = YES;
			};
			name = Release;
		};
		B94F6C6928FC71DD004D06E0 /* Debug */ = {
			isa = XCBuildConfiguration;
			buildSettings = {
				ASSETCATALOG_COMPILER_APPICON_NAME = AppIcon;
				ASSETCATALOG_COMPILER_GLOBAL_ACCENT_COLOR_NAME = AccentColor;
				CODE_SIGN_STYLE = Automatic;
				CURRENT_PROJECT_VERSION = 1;
				DEVELOPMENT_ASSET_PATHS = "\"Jaqsy/Preview Content\"";
				DEVELOPMENT_TEAM = 766C9KS6U3;
				ENABLE_PREVIEWS = YES;
				GENERATE_INFOPLIST_FILE = YES;
				INFOPLIST_FILE = "Jaqsy/Resources + Helps/Info.plist";
				INFOPLIST_KEY_UIApplicationSceneManifest_Generation = YES;
				INFOPLIST_KEY_UIApplicationSupportsIndirectInputEvents = YES;
				INFOPLIST_KEY_UILaunchScreen_Generation = YES;
				INFOPLIST_KEY_UIStatusBarStyle = UIStatusBarStyleLightContent;
				INFOPLIST_KEY_UISupportedInterfaceOrientations = UIInterfaceOrientationPortrait;
				INFOPLIST_KEY_UISupportedInterfaceOrientations_iPad = "UIInterfaceOrientationLandscapeLeft UIInterfaceOrientationLandscapeRight UIInterfaceOrientationPortrait UIInterfaceOrientationPortraitUpsideDown";
				INFOPLIST_KEY_UIUserInterfaceStyle = Light;
				IPHONEOS_DEPLOYMENT_TARGET = 15.0;
				LD_RUNPATH_SEARCH_PATHS = (
					"$(inherited)",
					"@executable_path/Frameworks",
				);
				MARKETING_VERSION = 1.0;
				PRODUCT_BUNDLE_IDENTIFIER = com.Jaqsy;
				PRODUCT_NAME = "$(TARGET_NAME)";
				SWIFT_EMIT_LOC_STRINGS = YES;
				SWIFT_VERSION = 5.0;
				TARGETED_DEVICE_FAMILY = 1;
			};
			name = Debug;
		};
		B94F6C6A28FC71DD004D06E0 /* Release */ = {
			isa = XCBuildConfiguration;
			buildSettings = {
				ASSETCATALOG_COMPILER_APPICON_NAME = AppIcon;
				ASSETCATALOG_COMPILER_GLOBAL_ACCENT_COLOR_NAME = AccentColor;
				CODE_SIGN_STYLE = Automatic;
				CURRENT_PROJECT_VERSION = 1;
				DEVELOPMENT_ASSET_PATHS = "\"Jaqsy/Preview Content\"";
				DEVELOPMENT_TEAM = 766C9KS6U3;
				ENABLE_PREVIEWS = YES;
				GENERATE_INFOPLIST_FILE = YES;
				INFOPLIST_FILE = "Jaqsy/Resources + Helps/Info.plist";
				INFOPLIST_KEY_UIApplicationSceneManifest_Generation = YES;
				INFOPLIST_KEY_UIApplicationSupportsIndirectInputEvents = YES;
				INFOPLIST_KEY_UILaunchScreen_Generation = YES;
				INFOPLIST_KEY_UIStatusBarStyle = UIStatusBarStyleLightContent;
				INFOPLIST_KEY_UISupportedInterfaceOrientations = UIInterfaceOrientationPortrait;
				INFOPLIST_KEY_UISupportedInterfaceOrientations_iPad = "UIInterfaceOrientationLandscapeLeft UIInterfaceOrientationLandscapeRight UIInterfaceOrientationPortrait UIInterfaceOrientationPortraitUpsideDown";
				INFOPLIST_KEY_UIUserInterfaceStyle = Light;
				IPHONEOS_DEPLOYMENT_TARGET = 15.0;
				LD_RUNPATH_SEARCH_PATHS = (
					"$(inherited)",
					"@executable_path/Frameworks",
				);
				MARKETING_VERSION = 1.0;
				PRODUCT_BUNDLE_IDENTIFIER = com.Jaqsy;
				PRODUCT_NAME = "$(TARGET_NAME)";
				SWIFT_EMIT_LOC_STRINGS = YES;
				SWIFT_VERSION = 5.0;
				TARGETED_DEVICE_FAMILY = 1;
			};
			name = Release;
		};
/* End XCBuildConfiguration section */

/* Begin XCConfigurationList section */
		B94F6C5528FC71DC004D06E0 /* Build configuration list for PBXProject "Jaqsy" */ = {
			isa = XCConfigurationList;
			buildConfigurations = (
				B94F6C6628FC71DD004D06E0 /* Debug */,
				B94F6C6728FC71DD004D06E0 /* Release */,
			);
			defaultConfigurationIsVisible = 0;
			defaultConfigurationName = Release;
		};
		B94F6C6828FC71DD004D06E0 /* Build configuration list for PBXNativeTarget "Jaqsy" */ = {
			isa = XCConfigurationList;
			buildConfigurations = (
				B94F6C6928FC71DD004D06E0 /* Debug */,
				B94F6C6A28FC71DD004D06E0 /* Release */,
			);
			defaultConfigurationIsVisible = 0;
			defaultConfigurationName = Release;
		};
/* End XCConfigurationList section */

/* Begin XCRemoteSwiftPackageReference section */
		B9723D2829106906008C3A7E /* XCRemoteSwiftPackageReference "NavigationBackport" */ = {
			isa = XCRemoteSwiftPackageReference;
			repositoryURL = "https://github.com/johnpatrickmorgan/NavigationBackport";
			requirement = {
				kind = upToNextMajorVersion;
				minimumVersion = 0.6.1;
			};
		};
/* End XCRemoteSwiftPackageReference section */

/* Begin XCSwiftPackageProductDependency section */
		B9723D2929106906008C3A7E /* NavigationBackport */ = {
			isa = XCSwiftPackageProductDependency;
			package = B9723D2829106906008C3A7E /* XCRemoteSwiftPackageReference "NavigationBackport" */;
			productName = NavigationBackport;
		};
/* End XCSwiftPackageProductDependency section */
	};
	rootObject = B94F6C5228FC71DC004D06E0 /* Project object */;
}
